
Microsoft Visual Studio Solution File, Format Version 12.00
# Visual Studio Version 17
VisualStudioVersion = 17.4.33213.308
MinimumVisualStudioVersion = 10.0.40219.1
Project("{FAE04EC0-301F-11D3-BF4B-00C04F79EFBC}") = "RevitAPITraining_DuctCreate", "RevitAPITraining_DuctCreate\RevitAPITraining_DuctCreate.csproj", "{DDDFADF1-F306-4040-A7E0-883AC66BE204}"
EndProject
Global
	GlobalSection(SolutionConfigurationPlatforms) = preSolution
		Debug|Any CPU = Debug|Any CPU
		Release|Any CPU = Release|Any CPU
	EndGlobalSection
	GlobalSection(ProjectConfigurationPlatforms) = postSolution
		{DDDFADF1-F306-4040-A7E0-883AC66BE204}.Debug|Any CPU.ActiveCfg = Debug|Any CPU
		{DDDFADF1-F306-4040-A7E0-883AC66BE204}.Debug|Any CPU.Build.0 = Debug|Any CPU
		{DDDFADF1-F306-4040-A7E0-883AC66BE204}.Release|Any CPU.ActiveCfg = Release|Any CPU
		{DDDFADF1-F306-4040-A7E0-883AC66BE204}.Release|Any CPU.Build.0 = Release|Any CPU
	EndGlobalSection
	GlobalSection(SolutionProperties) = preSolution
		HideSolutionNode = FALSE
	EndGlobalSection
	GlobalSection(ExtensibilityGlobals) = postSolution
		SolutionGuid = {EB493186-E3FC-4F0D-AA0A-3141D01BFBDD}
	EndGlobalSection
EndGlobal
